
Microsoft Visual Studio Solution File, Format Version 12.00
# Visual Studio 14
VisualStudioVersion = 14.0.25420.1
MinimumVisualStudioVersion = 10.0.40219.1
Project("{2150E333-8FDC-42A3-9474-1A3956D46DE8}") = "BodeAbp.Frame", "BodeAbp.Frame", "{404D4089-80DE-4F9D-A155-59D0DCB8D2F1}"
EndProject
Project("{2150E333-8FDC-42A3-9474-1A3956D46DE8}") = "BodeAbp.Samples", "BodeAbp.Samples", "{0155DB79-FD84-43EC-BA86-E400791A2D55}"
EndProject
Project("{FAE04EC0-301F-11D3-BF4B-00C04F79EFBC}") = "Abp", "BodeAbp.Frame\Abp\Abp.csproj", "{2C221D3B-5F54-4C5B-8082-318636415132}"
EndProject
Project("{FAE04EC0-301F-11D3-BF4B-00C04F79EFBC}") = "Abp.AutoMapper", "BodeAbp.Frame\Abp.AutoMapper\Abp.AutoMapper.csproj", "{06EB5F7C-B974-4775-A305-F175D645F7C9}"
EndProject
Project("{FAE04EC0-301F-11D3-BF4B-00C04F79EFBC}") = "Abp.EntityFramework", "BodeAbp.Frame\Abp.EntityFramework\Abp.EntityFramework.csproj", "{948F0CAF-3382-4E03-9A0F-0DDB206FE40D}"
EndProject
Project("{FAE04EC0-301F-11D3-BF4B-00C04F79EFBC}") = "Abp.HangFire", "BodeAbp.Frame\Abp.HangFire\Abp.HangFire.csproj", "{58A5158C-C78B-4451-BFD8-FFC31D48D713}"
EndProject
Project("{FAE04EC0-301F-11D3-BF4B-00C04F79EFBC}") = "Abp.Owin", "BodeAbp.Frame\Abp.Owin\Abp.Owin.csproj", "{5D471C86-838F-4BDC-AF9F-C95E8FA4E977}"
EndProject
Project("{FAE04EC0-301F-11D3-BF4B-00C04F79EFBC}") = "Abp.RedisCache", "BodeAbp.Frame\Abp.RedisCache\Abp.RedisCache.csproj", "{F4A8466E-4E68-4D6F-81D4-7F0892B9B5E0}"
EndProject
Project("{FAE04EC0-301F-11D3-BF4B-00C04F79EFBC}") = "Abp.Web", "BodeAbp.Frame\Abp.Web\Abp.Web.csproj", "{D37C09D8-2F18-4F0B-A4D3-7A12C124E070}"
EndProject
Project("{FAE04EC0-301F-11D3-BF4B-00C04F79EFBC}") = "Abp.Web.Api", "BodeAbp.Frame\Abp.Web.Api\Abp.Web.Api.csproj", "{71962F97-5E4B-465C-9A21-2153D31992CF}"
EndProject
Project("{FAE04EC0-301F-11D3-BF4B-00C04F79EFBC}") = "Abp.Web.Mvc", "BodeAbp.Frame\Abp.Web.Mvc\Abp.Web.Mvc.csproj", "{78FC0C9B-C5A9-4900-9A46-A8F544AC5343}"
EndProject
Project("{FAE04EC0-301F-11D3-BF4B-00C04F79EFBC}") = "Abp.Web.SignalR", "BodeAbp.Frame\Abp.Web.SignalR\Abp.Web.SignalR.csproj", "{613D9120-C28D-4898-ACAA-1A3CFCF0DDD1}"
EndProject
Project("{2150E333-8FDC-42A3-9474-1A3956D46DE8}") = "Web", "Web", "{A757FA6A-1B44-4202-9E9C-52A099A5EFFA}"
EndProject
Project("{FAE04EC0-301F-11D3-BF4B-00C04F79EFBC}") = "WebDemo.Core", "BodeAbp.Samples\Web\WebDemo.Core\WebDemo.Core.csproj", "{17298EA0-AF73-4F30-B6F1-2066100D7D74}"
EndProject
Project("{FAE04EC0-301F-11D3-BF4B-00C04F79EFBC}") = "WebDemo.Web", "BodeAbp.Samples\Web\WebDemo.Web\WebDemo.Web.csproj", "{404A6D3B-AA85-4E4C-AEEE-1E5026D5F135}"
EndProject
Project("{FAE04EC0-301F-11D3-BF4B-00C04F79EFBC}") = "WebDemo.WebApi", "BodeAbp.Samples\Web\WebDemo.WebApi\WebDemo.WebApi.csproj", "{5EB52D3D-09FD-463A-B02A-8D9856BD3724}"
EndProject
Project("{2150E333-8FDC-42A3-9474-1A3956D46DE8}") = "BodeAbp.Modules", "BodeAbp.Modules", "{CF426508-39DF-40F3-8B9C-23C7DFBBCC0C}"
EndProject
Project("{2150E333-8FDC-42A3-9474-1A3956D46DE8}") = "BodeAbp.Plugins", "BodeAbp.Plugins", "{3F02619A-7D0B-4791-B121-13D8B98FC83C}"
EndProject
Project("{FAE04EC0-301F-11D3-BF4B-00C04F79EFBC}") = "BodeAbp.Plugins.Core", "BodeAbp.Plugins\BodeAbp.Plugins.Core\BodeAbp.Plugins.Core.csproj", "{954FED98-E6F7-421D-AD08-E8C85CE745C8}"
EndProject
Project("{FAE04EC0-301F-11D3-BF4B-00C04F79EFBC}") = "BodeAbp.Sms.Juhe", "BodeAbp.Plugins\BodeAbp.Sms.Juhe\BodeAbp.Sms.Juhe.csproj", "{F84D0D4A-F672-4281-90F3-1AF989AAC127}"
EndProject
Project("{FAE04EC0-301F-11D3-BF4B-00C04F79EFBC}") = "BodeAbp.Zero", "BodeAbp.Modules\BodeAbp.Zero\BodeAbp.Zero.csproj", "{CDDBA61D-53E2-4046-B902-18AFCE9AFFF2}"
EndProject
Project("{FAE04EC0-301F-11D3-BF4B-00C04F79EFBC}") = "BodeAbp.Activity", "BodeAbp.Modules\BodeAbp.Activity\BodeAbp.Activity.csproj", "{B60885E6-735E-4926-97A2-8699E6725F1F}"
EndProject
Project("{FAE04EC0-301F-11D3-BF4B-00C04F79EFBC}") = "BodeAbp.Forum", "BodeAbp.Modules\BodeAbp.Forum\BodeAbp.Forum.csproj", "{0D36D1C5-0BB2-49BB-9CF0-082CA27461B4}"
EndProject
Project("{FAE04EC0-301F-11D3-BF4B-00C04F79EFBC}") = "BodeAbp.Product", "BodeAbp.Modules\BodeAbp.Product\BodeAbp.Product.csproj", "{C771C4F7-465A-4778-A8ED-4FE7C50BB94A}"
EndProject
Global
	GlobalSection(SolutionConfigurationPlatforms) = preSolution
		Debug|Any CPU = Debug|Any CPU
		Publish|Any CPU = Publish|Any CPU
		Release|Any CPU = Release|Any CPU
	EndGlobalSection
	GlobalSection(ProjectConfigurationPlatforms) = postSolution
		{2C221D3B-5F54-4C5B-8082-318636415132}.Debug|Any CPU.ActiveCfg = Debug|Any CPU
		{2C221D3B-5F54-4C5B-8082-318636415132}.Debug|Any CPU.Build.0 = Debug|Any CPU
		{2C221D3B-5F54-4C5B-8082-318636415132}.Publish|Any CPU.ActiveCfg = Release|Any CPU
		{2C221D3B-5F54-4C5B-8082-318636415132}.Publish|Any CPU.Build.0 = Release|Any CPU
		{2C221D3B-5F54-4C5B-8082-318636415132}.Release|Any CPU.ActiveCfg = Release|Any CPU
		{2C221D3B-5F54-4C5B-8082-318636415132}.Release|Any CPU.Build.0 = Release|Any CPU
		{06EB5F7C-B974-4775-A305-F175D645F7C9}.Debug|Any CPU.ActiveCfg = Debug|Any CPU
		{06EB5F7C-B974-4775-A305-F175D645F7C9}.Debug|Any CPU.Build.0 = Debug|Any CPU
		{06EB5F7C-B974-4775-A305-F175D645F7C9}.Publish|Any CPU.ActiveCfg = Release|Any CPU
		{06EB5F7C-B974-4775-A305-F175D645F7C9}.Publish|Any CPU.Build.0 = Release|Any CPU
		{06EB5F7C-B974-4775-A305-F175D645F7C9}.Release|Any CPU.ActiveCfg = Release|Any CPU
		{06EB5F7C-B974-4775-A305-F175D645F7C9}.Release|Any CPU.Build.0 = Release|Any CPU
		{948F0CAF-3382-4E03-9A0F-0DDB206FE40D}.Debug|Any CPU.ActiveCfg = Debug|Any CPU
		{948F0CAF-3382-4E03-9A0F-0DDB206FE40D}.Debug|Any CPU.Build.0 = Debug|Any CPU
		{948F0CAF-3382-4E03-9A0F-0DDB206FE40D}.Publish|Any CPU.ActiveCfg = Release|Any CPU
		{948F0CAF-3382-4E03-9A0F-0DDB206FE40D}.Publish|Any CPU.Build.0 = Release|Any CPU
		{948F0CAF-3382-4E03-9A0F-0DDB206FE40D}.Release|Any CPU.ActiveCfg = Release|Any CPU
		{948F0CAF-3382-4E03-9A0F-0DDB206FE40D}.Release|Any CPU.Build.0 = Release|Any CPU
		{58A5158C-C78B-4451-BFD8-FFC31D48D713}.Debug|Any CPU.ActiveCfg = Debug|Any CPU
		{58A5158C-C78B-4451-BFD8-FFC31D48D713}.Debug|Any CPU.Build.0 = Debug|Any CPU
		{58A5158C-C78B-4451-BFD8-FFC31D48D713}.Publish|Any CPU.ActiveCfg = Release|Any CPU
		{58A5158C-C78B-4451-BFD8-FFC31D48D713}.Publish|Any CPU.Build.0 = Release|Any CPU
		{58A5158C-C78B-4451-BFD8-FFC31D48D713}.Release|Any CPU.ActiveCfg = Release|Any CPU
		{58A5158C-C78B-4451-BFD8-FFC31D48D713}.Release|Any CPU.Build.0 = Release|Any CPU
		{5D471C86-838F-4BDC-AF9F-C95E8FA4E977}.Debug|Any CPU.ActiveCfg = Debug|Any CPU
		{5D471C86-838F-4BDC-AF9F-C95E8FA4E977}.Debug|Any CPU.Build.0 = Debug|Any CPU
		{5D471C86-838F-4BDC-AF9F-C95E8FA4E977}.Publish|Any CPU.ActiveCfg = Release|Any CPU
		{5D471C86-838F-4BDC-AF9F-C95E8FA4E977}.Publish|Any CPU.Build.0 = Release|Any CPU
		{5D471C86-838F-4BDC-AF9F-C95E8FA4E977}.Release|Any CPU.ActiveCfg = Release|Any CPU
		{5D471C86-838F-4BDC-AF9F-C95E8FA4E977}.Release|Any CPU.Build.0 = Release|Any CPU
		{F4A8466E-4E68-4D6F-81D4-7F0892B9B5E0}.Debug|Any CPU.ActiveCfg = Debug|Any CPU
		{F4A8466E-4E68-4D6F-81D4-7F0892B9B5E0}.Debug|Any CPU.Build.0 = Debug|Any CPU
		{F4A8466E-4E68-4D6F-81D4-7F0892B9B5E0}.Publish|Any CPU.ActiveCfg = Release|Any CPU
		{F4A8466E-4E68-4D6F-81D4-7F0892B9B5E0}.Publish|Any CPU.Build.0 = Release|Any CPU
		{F4A8466E-4E68-4D6F-81D4-7F0892B9B5E0}.Release|Any CPU.ActiveCfg = Release|Any CPU
		{F4A8466E-4E68-4D6F-81D4-7F0892B9B5E0}.Release|Any CPU.Build.0 = Release|Any CPU
		{D37C09D8-2F18-4F0B-A4D3-7A12C124E070}.Debug|Any CPU.ActiveCfg = Debug|Any CPU
		{D37C09D8-2F18-4F0B-A4D3-7A12C124E070}.Debug|Any CPU.Build.0 = Debug|Any CPU
		{D37C09D8-2F18-4F0B-A4D3-7A12C124E070}.Publish|Any CPU.ActiveCfg = Release|Any CPU
		{D37C09D8-2F18-4F0B-A4D3-7A12C124E070}.Publish|Any CPU.Build.0 = Release|Any CPU
		{D37C09D8-2F18-4F0B-A4D3-7A12C124E070}.Release|Any CPU.ActiveCfg = Release|Any CPU
		{D37C09D8-2F18-4F0B-A4D3-7A12C124E070}.Release|Any CPU.Build.0 = Release|Any CPU
		{71962F97-5E4B-465C-9A21-2153D31992CF}.Debug|Any CPU.ActiveCfg = Debug|Any CPU
		{71962F97-5E4B-465C-9A21-2153D31992CF}.Debug|Any CPU.Build.0 = Debug|Any CPU
		{71962F97-5E4B-465C-9A21-2153D31992CF}.Publish|Any CPU.ActiveCfg = Release|Any CPU
		{71962F97-5E4B-465C-9A21-2153D31992CF}.Publish|Any CPU.Build.0 = Release|Any CPU
		{71962F97-5E4B-465C-9A21-2153D31992CF}.Release|Any CPU.ActiveCfg = Release|Any CPU
		{71962F97-5E4B-465C-9A21-2153D31992CF}.Release|Any CPU.Build.0 = Release|Any CPU
		{78FC0C9B-C5A9-4900-9A46-A8F544AC5343}.Debug|Any CPU.ActiveCfg = Debug|Any CPU
		{78FC0C9B-C5A9-4900-9A46-A8F544AC5343}.Debug|Any CPU.Build.0 = Debug|Any CPU
		{78FC0C9B-C5A9-4900-9A46-A8F544AC5343}.Publish|Any CPU.ActiveCfg = Release|Any CPU
		{78FC0C9B-C5A9-4900-9A46-A8F544AC5343}.Publish|Any CPU.Build.0 = Release|Any CPU
		{78FC0C9B-C5A9-4900-9A46-A8F544AC5343}.Release|Any CPU.ActiveCfg = Release|Any CPU
		{78FC0C9B-C5A9-4900-9A46-A8F544AC5343}.Release|Any CPU.Build.0 = Release|Any CPU
		{613D9120-C28D-4898-ACAA-1A3CFCF0DDD1}.Debug|Any CPU.ActiveCfg = Debug|Any CPU
		{613D9120-C28D-4898-ACAA-1A3CFCF0DDD1}.Debug|Any CPU.Build.0 = Debug|Any CPU
		{613D9120-C28D-4898-ACAA-1A3CFCF0DDD1}.Publish|Any CPU.ActiveCfg = Release|Any CPU
		{613D9120-C28D-4898-ACAA-1A3CFCF0DDD1}.Publish|Any CPU.Build.0 = Release|Any CPU
		{613D9120-C28D-4898-ACAA-1A3CFCF0DDD1}.Release|Any CPU.ActiveCfg = Release|Any CPU
		{613D9120-C28D-4898-ACAA-1A3CFCF0DDD1}.Release|Any CPU.Build.0 = Release|Any CPU
		{17298EA0-AF73-4F30-B6F1-2066100D7D74}.Debug|Any CPU.ActiveCfg = Debug|Any CPU
		{17298EA0-AF73-4F30-B6F1-2066100D7D74}.Debug|Any CPU.Build.0 = Debug|Any CPU
		{17298EA0-AF73-4F30-B6F1-2066100D7D74}.Publish|Any CPU.ActiveCfg = Release|Any CPU
		{17298EA0-AF73-4F30-B6F1-2066100D7D74}.Publish|Any CPU.Build.0 = Release|Any CPU
		{17298EA0-AF73-4F30-B6F1-2066100D7D74}.Release|Any CPU.ActiveCfg = Release|Any CPU
		{17298EA0-AF73-4F30-B6F1-2066100D7D74}.Release|Any CPU.Build.0 = Release|Any CPU
		{404A6D3B-AA85-4E4C-AEEE-1E5026D5F135}.Debug|Any CPU.ActiveCfg = Debug|Any CPU
		{404A6D3B-AA85-4E4C-AEEE-1E5026D5F135}.Debug|Any CPU.Build.0 = Debug|Any CPU
		{404A6D3B-AA85-4E4C-AEEE-1E5026D5F135}.Publish|Any CPU.ActiveCfg = Release|Any CPU
		{404A6D3B-AA85-4E4C-AEEE-1E5026D5F135}.Publish|Any CPU.Build.0 = Release|Any CPU
		{404A6D3B-AA85-4E4C-AEEE-1E5026D5F135}.Release|Any CPU.ActiveCfg = Release|Any CPU
		{404A6D3B-AA85-4E4C-AEEE-1E5026D5F135}.Release|Any CPU.Build.0 = Release|Any CPU
		{5EB52D3D-09FD-463A-B02A-8D9856BD3724}.Debug|Any CPU.ActiveCfg = Debug|Any CPU
		{5EB52D3D-09FD-463A-B02A-8D9856BD3724}.Debug|Any CPU.Build.0 = Debug|Any CPU
		{5EB52D3D-09FD-463A-B02A-8D9856BD3724}.Publish|Any CPU.ActiveCfg = Release|Any CPU
		{5EB52D3D-09FD-463A-B02A-8D9856BD3724}.Publish|Any CPU.Build.0 = Release|Any CPU
		{5EB52D3D-09FD-463A-B02A-8D9856BD3724}.Release|Any CPU.ActiveCfg = Release|Any CPU
		{5EB52D3D-09FD-463A-B02A-8D9856BD3724}.Release|Any CPU.Build.0 = Release|Any CPU
		{954FED98-E6F7-421D-AD08-E8C85CE745C8}.Debug|Any CPU.ActiveCfg = Debug|Any CPU
		{954FED98-E6F7-421D-AD08-E8C85CE745C8}.Debug|Any CPU.Build.0 = Debug|Any CPU
		{954FED98-E6F7-421D-AD08-E8C85CE745C8}.Publish|Any CPU.ActiveCfg = Release|Any CPU
		{954FED98-E6F7-421D-AD08-E8C85CE745C8}.Publish|Any CPU.Build.0 = Release|Any CPU
		{954FED98-E6F7-421D-AD08-E8C85CE745C8}.Release|Any CPU.ActiveCfg = Release|Any CPU
		{954FED98-E6F7-421D-AD08-E8C85CE745C8}.Release|Any CPU.Build.0 = Release|Any CPU
		{F84D0D4A-F672-4281-90F3-1AF989AAC127}.Debug|Any CPU.ActiveCfg = Debug|Any CPU
		{F84D0D4A-F672-4281-90F3-1AF989AAC127}.Debug|Any CPU.Build.0 = Debug|Any CPU
		{F84D0D4A-F672-4281-90F3-1AF989AAC127}.Publish|Any CPU.ActiveCfg = Release|Any CPU
		{F84D0D4A-F672-4281-90F3-1AF989AAC127}.Publish|Any CPU.Build.0 = Release|Any CPU
		{F84D0D4A-F672-4281-90F3-1AF989AAC127}.Release|Any CPU.ActiveCfg = Release|Any CPU
		{F84D0D4A-F672-4281-90F3-1AF989AAC127}.Release|Any CPU.Build.0 = Release|Any CPU
		{CDDBA61D-53E2-4046-B902-18AFCE9AFFF2}.Debug|Any CPU.ActiveCfg = Debug|Any CPU
		{CDDBA61D-53E2-4046-B902-18AFCE9AFFF2}.Debug|Any CPU.Build.0 = Debug|Any CPU
		{CDDBA61D-53E2-4046-B902-18AFCE9AFFF2}.Publish|Any CPU.ActiveCfg = Release|Any CPU
		{CDDBA61D-53E2-4046-B902-18AFCE9AFFF2}.Publish|Any CPU.Build.0 = Release|Any CPU
		{CDDBA61D-53E2-4046-B902-18AFCE9AFFF2}.Release|Any CPU.ActiveCfg = Release|Any CPU
		{CDDBA61D-53E2-4046-B902-18AFCE9AFFF2}.Release|Any CPU.Build.0 = Release|Any CPU
		{B60885E6-735E-4926-97A2-8699E6725F1F}.Debug|Any CPU.ActiveCfg = Debug|Any CPU
		{B60885E6-735E-4926-97A2-8699E6725F1F}.Debug|Any CPU.Build.0 = Debug|Any CPU
		{B60885E6-735E-4926-97A2-8699E6725F1F}.Publish|Any CPU.ActiveCfg = Release|Any CPU
		{B60885E6-735E-4926-97A2-8699E6725F1F}.Publish|Any CPU.Build.0 = Release|Any CPU
		{B60885E6-735E-4926-97A2-8699E6725F1F}.Release|Any CPU.ActiveCfg = Release|Any CPU
		{B60885E6-735E-4926-97A2-8699E6725F1F}.Release|Any CPU.Build.0 = Release|Any CPU
		{0D36D1C5-0BB2-49BB-9CF0-082CA27461B4}.Debug|Any CPU.ActiveCfg = Debug|Any CPU
		{0D36D1C5-0BB2-49BB-9CF0-082CA27461B4}.Debug|Any CPU.Build.0 = Debug|Any CPU
		{0D36D1C5-0BB2-49BB-9CF0-082CA27461B4}.Publish|Any CPU.ActiveCfg = Release|Any CPU
		{0D36D1C5-0BB2-49BB-9CF0-082CA27461B4}.Publish|Any CPU.Build.0 = Release|Any CPU
		{0D36D1C5-0BB2-49BB-9CF0-082CA27461B4}.Release|Any CPU.ActiveCfg = Release|Any CPU
		{0D36D1C5-0BB2-49BB-9CF0-082CA27461B4}.Release|Any CPU.Build.0 = Release|Any CPU
		{C771C4F7-465A-4778-A8ED-4FE7C50BB94A}.Debug|Any CPU.ActiveCfg = Debug|Any CPU
		{C771C4F7-465A-4778-A8ED-4FE7C50BB94A}.Debug|Any CPU.Build.0 = Debug|Any CPU
		{C771C4F7-465A-4778-A8ED-4FE7C50BB94A}.Publish|Any CPU.ActiveCfg = Release|Any CPU
		{C771C4F7-465A-4778-A8ED-4FE7C50BB94A}.Publish|Any CPU.Build.0 = Release|Any CPU
		{C771C4F7-465A-4778-A8ED-4FE7C50BB94A}.Release|Any CPU.ActiveCfg = Release|Any CPU
		{C771C4F7-465A-4778-A8ED-4FE7C50BB94A}.Release|Any CPU.Build.0 = Release|Any CPU
	EndGlobalSection
	GlobalSection(SolutionProperties) = preSolution
		HideSolutionNode = FALSE
	EndGlobalSection
	GlobalSection(NestedProjects) = preSolution
		{2C221D3B-5F54-4C5B-8082-318636415132} = {404D4089-80DE-4F9D-A155-59D0DCB8D2F1}
		{06EB5F7C-B974-4775-A305-F175D645F7C9} = {404D4089-80DE-4F9D-A155-59D0DCB8D2F1}
		{948F0CAF-3382-4E03-9A0F-0DDB206FE40D} = {404D4089-80DE-4F9D-A155-59D0DCB8D2F1}
		{58A5158C-C78B-4451-BFD8-FFC31D48D713} = {404D4089-80DE-4F9D-A155-59D0DCB8D2F1}
		{5D471C86-838F-4BDC-AF9F-C95E8FA4E977} = {404D4089-80DE-4F9D-A155-59D0DCB8D2F1}
		{F4A8466E-4E68-4D6F-81D4-7F0892B9B5E0} = {404D4089-80DE-4F9D-A155-59D0DCB8D2F1}
		{D37C09D8-2F18-4F0B-A4D3-7A12C124E070} = {404D4089-80DE-4F9D-A155-59D0DCB8D2F1}
		{71962F97-5E4B-465C-9A21-2153D31992CF} = {404D4089-80DE-4F9D-A155-59D0DCB8D2F1}
		{78FC0C9B-C5A9-4900-9A46-A8F544AC5343} = {404D4089-80DE-4F9D-A155-59D0DCB8D2F1}
		{613D9120-C28D-4898-ACAA-1A3CFCF0DDD1} = {404D4089-80DE-4F9D-A155-59D0DCB8D2F1}
		{A757FA6A-1B44-4202-9E9C-52A099A5EFFA} = {0155DB79-FD84-43EC-BA86-E400791A2D55}
		{17298EA0-AF73-4F30-B6F1-2066100D7D74} = {A757FA6A-1B44-4202-9E9C-52A099A5EFFA}
		{404A6D3B-AA85-4E4C-AEEE-1E5026D5F135} = {A757FA6A-1B44-4202-9E9C-52A099A5EFFA}
		{5EB52D3D-09FD-463A-B02A-8D9856BD3724} = {A757FA6A-1B44-4202-9E9C-52A099A5EFFA}
		{954FED98-E6F7-421D-AD08-E8C85CE745C8} = {3F02619A-7D0B-4791-B121-13D8B98FC83C}
		{F84D0D4A-F672-4281-90F3-1AF989AAC127} = {3F02619A-7D0B-4791-B121-13D8B98FC83C}
		{CDDBA61D-53E2-4046-B902-18AFCE9AFFF2} = {CF426508-39DF-40F3-8B9C-23C7DFBBCC0C}
		{B60885E6-735E-4926-97A2-8699E6725F1F} = {CF426508-39DF-40F3-8B9C-23C7DFBBCC0C}
		{0D36D1C5-0BB2-49BB-9CF0-082CA27461B4} = {CF426508-39DF-40F3-8B9C-23C7DFBBCC0C}
		{C771C4F7-465A-4778-A8ED-4FE7C50BB94A} = {CF426508-39DF-40F3-8B9C-23C7DFBBCC0C}
	EndGlobalSection
EndGlobal
